// !$*UTF8*$!
{
	archiveVersion = 1;
	classes = {
	};
	objectVersion = 50;
	objects = {

/* Begin PBXBuildFile section */
		9B179C9021A79E0B00F22263 /* Solar.swift in Sources */ = {isa = PBXBuildFile; fileRef = 9B179C8F21A79E0B00F22263 /* Solar.swift */; };
		9B179C9221A7AF1100F22263 /* LocationBackground.swift in Sources */ = {isa = PBXBuildFile; fileRef = 9B179C9121A7AF1100F22263 /* LocationBackground.swift */; };
		9B336A9021A7388F00050435 /* AppDelegate.swift in Sources */ = {isa = PBXBuildFile; fileRef = 9B336A8F21A7388F00050435 /* AppDelegate.swift */; };
		9B336A9221A7389100050435 /* Assets.xcassets in Resources */ = {isa = PBXBuildFile; fileRef = 9B336A9121A7389100050435 /* Assets.xcassets */; };
		9B336A9C21A73DD100050435 /* SwitcherLauncher.app in CopyFiles */ = {isa = PBXBuildFile; fileRef = 9B336A8D21A7388F00050435 /* SwitcherLauncher.app */; settings = {ATTRIBUTES = (RemoveHeadersOnCopy, ); }; };
		9B336AA321A73F4700050435 /* ServiceManagement.framework in Frameworks */ = {isa = PBXBuildFile; fileRef = 9B336A9F21A73E0300050435 /* ServiceManagement.framework */; };
		9B336AE021A747C700050435 /* MainMenu.xib in Resources */ = {isa = PBXBuildFile; fileRef = 9B336AD821A7479100050435 /* MainMenu.xib */; };
		9B366F7021A646D500CCDF94 /* SchedulerBackground.swift in Sources */ = {isa = PBXBuildFile; fileRef = 9B366F6F21A646D500CCDF94 /* SchedulerBackground.swift */; };
		9B366F7221A6A03200CCDF94 /* Preference.swift in Sources */ = {isa = PBXBuildFile; fileRef = 9B366F7121A6A03200CCDF94 /* Preference.swift */; };
		9B4B939321A3F32A0016E409 /* AppDelegate.swift in Sources */ = {isa = PBXBuildFile; fileRef = 9B4B939221A3F32A0016E409 /* AppDelegate.swift */; };
		9B4B939521A3F32A0016E409 /* ViewController.swift in Sources */ = {isa = PBXBuildFile; fileRef = 9B4B939421A3F32A0016E409 /* ViewController.swift */; };
		9B4B939721A3F32B0016E409 /* Assets.xcassets in Resources */ = {isa = PBXBuildFile; fileRef = 9B4B939621A3F32B0016E409 /* Assets.xcassets */; };
		9B4B939A21A3F32B0016E409 /* Main.storyboard in Resources */ = {isa = PBXBuildFile; fileRef = 9B4B939821A3F32B0016E409 /* Main.storyboard */; };
		9B4B93A621A3F32B0016E409 /* DarkModeSwitcherTests.swift in Sources */ = {isa = PBXBuildFile; fileRef = 9B4B93A521A3F32B0016E409 /* DarkModeSwitcherTests.swift */; };
		9B4B93B121A3F32B0016E409 /* DarkModeSwitcherUITests.swift in Sources */ = {isa = PBXBuildFile; fileRef = 9B4B93B021A3F32B0016E409 /* DarkModeSwitcherUITests.swift */; };
		9B4B93BF21A3F3840016E409 /* Switcher.swift in Sources */ = {isa = PBXBuildFile; fileRef = 9B4B93BE21A3F3840016E409 /* Switcher.swift */; };
/* End PBXBuildFile section */

/* Begin PBXContainerItemProxy section */
		9B4B93A221A3F32B0016E409 /* PBXContainerItemProxy */ = {
			isa = PBXContainerItemProxy;
			containerPortal = 9B4B938721A3F32A0016E409 /* Project object */;
			proxyType = 1;
			remoteGlobalIDString = 9B4B938E21A3F32A0016E409;
			remoteInfo = DarkModeSwitcher;
		};
		9B4B93AD21A3F32B0016E409 /* PBXContainerItemProxy */ = {
			isa = PBXContainerItemProxy;
			containerPortal = 9B4B938721A3F32A0016E409 /* Project object */;
			proxyType = 1;
			remoteGlobalIDString = 9B4B938E21A3F32A0016E409;
			remoteInfo = DarkModeSwitcher;
		};
/* End PBXContainerItemProxy section */

/* Begin PBXCopyFilesBuildPhase section */
		9B336A9B21A73DA800050435 /* CopyFiles */ = {
			isa = PBXCopyFilesBuildPhase;
			buildActionMask = 2147483647;
			dstPath = Contents/Library/LoginItems;
			dstSubfolderSpec = 1;
			files = (
				9B336A9C21A73DD100050435 /* SwitcherLauncher.app in CopyFiles */,
			);
			runOnlyForDeploymentPostprocessing = 0;
		};
/* End PBXCopyFilesBuildPhase section */

/* Begin PBXFileReference section */
		9B179C8F21A79E0B00F22263 /* Solar.swift */ = {isa = PBXFileReference; lastKnownFileType = sourcecode.swift; path = Solar.swift; sourceTree = "<group>"; };
		9B179C9121A7AF1100F22263 /* LocationBackground.swift */ = {isa = PBXFileReference; lastKnownFileType = sourcecode.swift; path = LocationBackground.swift; sourceTree = "<group>"; };
		9B336A8D21A7388F00050435 /* SwitcherLauncher.app */ = {isa = PBXFileReference; explicitFileType = wrapper.application; includeInIndex = 0; path = SwitcherLauncher.app; sourceTree = BUILT_PRODUCTS_DIR; };
		9B336A8F21A7388F00050435 /* AppDelegate.swift */ = {isa = PBXFileReference; lastKnownFileType = sourcecode.swift; path = AppDelegate.swift; sourceTree = "<group>"; };
		9B336A9121A7389100050435 /* Assets.xcassets */ = {isa = PBXFileReference; lastKnownFileType = folder.assetcatalog; path = Assets.xcassets; sourceTree = "<group>"; };
		9B336A9621A7389100050435 /* Info.plist */ = {isa = PBXFileReference; lastKnownFileType = text.plist.xml; path = Info.plist; sourceTree = "<group>"; };
		9B336A9721A7389100050435 /* SwitcherLauncher.entitlements */ = {isa = PBXFileReference; lastKnownFileType = text.plist.entitlements; path = SwitcherLauncher.entitlements; sourceTree = "<group>"; };
		9B336A9F21A73E0300050435 /* ServiceManagement.framework */ = {isa = PBXFileReference; lastKnownFileType = wrapper.framework; name = ServiceManagement.framework; path = System/Library/Frameworks/ServiceManagement.framework; sourceTree = SDKROOT; };
		9B336AD921A7479100050435 /* Base */ = {isa = PBXFileReference; lastKnownFileType = file.xib; name = Base; path = Base.lproj/MainMenu.xib; sourceTree = "<group>"; };
		9B366F6F21A646D500CCDF94 /* SchedulerBackground.swift */ = {isa = PBXFileReference; lastKnownFileType = sourcecode.swift; path = SchedulerBackground.swift; sourceTree = "<group>"; };
		9B366F7121A6A03200CCDF94 /* Preference.swift */ = {isa = PBXFileReference; lastKnownFileType = sourcecode.swift; path = Preference.swift; sourceTree = "<group>"; };
		9B4B938F21A3F32A0016E409 /* DarkModeSwitcher.app */ = {isa = PBXFileReference; explicitFileType = wrapper.application; includeInIndex = 0; path = DarkModeSwitcher.app; sourceTree = BUILT_PRODUCTS_DIR; };
		9B4B939221A3F32A0016E409 /* AppDelegate.swift */ = {isa = PBXFileReference; lastKnownFileType = sourcecode.swift; path = AppDelegate.swift; sourceTree = "<group>"; };
		9B4B939421A3F32A0016E409 /* ViewController.swift */ = {isa = PBXFileReference; lastKnownFileType = sourcecode.swift; path = ViewController.swift; sourceTree = "<group>"; };
		9B4B939621A3F32B0016E409 /* Assets.xcassets */ = {isa = PBXFileReference; lastKnownFileType = folder.assetcatalog; path = Assets.xcassets; sourceTree = "<group>"; };
		9B4B939921A3F32B0016E409 /* Base */ = {isa = PBXFileReference; lastKnownFileType = file.storyboard; name = Base; path = Base.lproj/Main.storyboard; sourceTree = "<group>"; };
		9B4B939B21A3F32B0016E409 /* Info.plist */ = {isa = PBXFileReference; lastKnownFileType = text.plist.xml; path = Info.plist; sourceTree = "<group>"; };
		9B4B93A121A3F32B0016E409 /* DarkModeSwitcherTests.xctest */ = {isa = PBXFileReference; explicitFileType = wrapper.cfbundle; includeInIndex = 0; path = DarkModeSwitcherTests.xctest; sourceTree = BUILT_PRODUCTS_DIR; };
		9B4B93A521A3F32B0016E409 /* DarkModeSwitcherTests.swift */ = {isa = PBXFileReference; lastKnownFileType = sourcecode.swift; path = DarkModeSwitcherTests.swift; sourceTree = "<group>"; };
		9B4B93A721A3F32B0016E409 /* Info.plist */ = {isa = PBXFileReference; lastKnownFileType = text.plist.xml; path = Info.plist; sourceTree = "<group>"; };
		9B4B93AC21A3F32B0016E409 /* DarkModeSwitcherUITests.xctest */ = {isa = PBXFileReference; explicitFileType = wrapper.cfbundle; includeInIndex = 0; path = DarkModeSwitcherUITests.xctest; sourceTree = BUILT_PRODUCTS_DIR; };
		9B4B93B021A3F32B0016E409 /* DarkModeSwitcherUITests.swift */ = {isa = PBXFileReference; lastKnownFileType = sourcecode.swift; path = DarkModeSwitcherUITests.swift; sourceTree = "<group>"; };
		9B4B93B221A3F32B0016E409 /* Info.plist */ = {isa = PBXFileReference; lastKnownFileType = text.plist.xml; path = Info.plist; sourceTree = "<group>"; };
		9B4B93BE21A3F3840016E409 /* Switcher.swift */ = {isa = PBXFileReference; lastKnownFileType = sourcecode.swift; path = Switcher.swift; sourceTree = "<group>"; };
		9B77663121A4A96A00C33596 /* DarkModeSwitcher.entitlements */ = {isa = PBXFileReference; lastKnownFileType = text.plist.entitlements; path = DarkModeSwitcher.entitlements; sourceTree = "<group>"; };
/* End PBXFileReference section */

/* Begin PBXFrameworksBuildPhase section */
		9B336A8A21A7388F00050435 /* Frameworks */ = {
			isa = PBXFrameworksBuildPhase;
			buildActionMask = 2147483647;
			files = (
			);
			runOnlyForDeploymentPostprocessing = 0;
		};
		9B4B938C21A3F32A0016E409 /* Frameworks */ = {
			isa = PBXFrameworksBuildPhase;
			buildActionMask = 2147483647;
			files = (
				9B336AA321A73F4700050435 /* ServiceManagement.framework in Frameworks */,
			);
			runOnlyForDeploymentPostprocessing = 0;
		};
		9B4B939E21A3F32B0016E409 /* Frameworks */ = {
			isa = PBXFrameworksBuildPhase;
			buildActionMask = 2147483647;
			files = (
			);
			runOnlyForDeploymentPostprocessing = 0;
		};
		9B4B93A921A3F32B0016E409 /* Frameworks */ = {
			isa = PBXFrameworksBuildPhase;
			buildActionMask = 2147483647;
			files = (
			);
			runOnlyForDeploymentPostprocessing = 0;
		};
/* End PBXFrameworksBuildPhase section */

/* Begin PBXGroup section */
		9B336A8E21A7388F00050435 /* SwitcherLauncher */ = {
			isa = PBXGroup;
			children = (
				9B336AD821A7479100050435 /* MainMenu.xib */,
				9B336A8F21A7388F00050435 /* AppDelegate.swift */,
				9B336A9121A7389100050435 /* Assets.xcassets */,
				9B336A9621A7389100050435 /* Info.plist */,
				9B336A9721A7389100050435 /* SwitcherLauncher.entitlements */,
			);
			path = SwitcherLauncher;
			sourceTree = "<group>";
		};
		9B336A9E21A73E0300050435 /* Frameworks */ = {
			isa = PBXGroup;
			children = (
				9B336A9F21A73E0300050435 /* ServiceManagement.framework */,
			);
			name = Frameworks;
			sourceTree = "<group>";
		};
		9B4B938621A3F32A0016E409 = {
			isa = PBXGroup;
			children = (
				9B4B939121A3F32A0016E409 /* DarkModeSwitcher */,
				9B4B93A421A3F32B0016E409 /* DarkModeSwitcherTests */,
				9B4B93AF21A3F32B0016E409 /* DarkModeSwitcherUITests */,
				9B336A8E21A7388F00050435 /* SwitcherLauncher */,
				9B4B939021A3F32A0016E409 /* Products */,
				9B336A9E21A73E0300050435 /* Frameworks */,
			);
			sourceTree = "<group>";
		};
		9B4B939021A3F32A0016E409 /* Products */ = {
			isa = PBXGroup;
			children = (
				9B4B938F21A3F32A0016E409 /* DarkModeSwitcher.app */,
				9B4B93A121A3F32B0016E409 /* DarkModeSwitcherTests.xctest */,
				9B4B93AC21A3F32B0016E409 /* DarkModeSwitcherUITests.xctest */,
				9B336A8D21A7388F00050435 /* SwitcherLauncher.app */,
			);
			name = Products;
			sourceTree = "<group>";
		};
		9B4B939121A3F32A0016E409 /* DarkModeSwitcher */ = {
			isa = PBXGroup;
			children = (
				9B77663121A4A96A00C33596 /* DarkModeSwitcher.entitlements */,
				9B4B939221A3F32A0016E409 /* AppDelegate.swift */,
				9B4B939421A3F32A0016E409 /* ViewController.swift */,
				9B4B939621A3F32B0016E409 /* Assets.xcassets */,
				9B4B939821A3F32B0016E409 /* Main.storyboard */,
				9B4B939B21A3F32B0016E409 /* Info.plist */,
				9B4B93BE21A3F3840016E409 /* Switcher.swift */,
				9B366F7121A6A03200CCDF94 /* Preference.swift */,
				9B366F6F21A646D500CCDF94 /* SchedulerBackground.swift */,
				9B179C8F21A79E0B00F22263 /* Solar.swift */,
				9B179C9121A7AF1100F22263 /* LocationBackground.swift */,
			);
			path = DarkModeSwitcher;
			sourceTree = "<group>";
		};
		9B4B93A421A3F32B0016E409 /* DarkModeSwitcherTests */ = {
			isa = PBXGroup;
			children = (
				9B4B93A521A3F32B0016E409 /* DarkModeSwitcherTests.swift */,
				9B4B93A721A3F32B0016E409 /* Info.plist */,
			);
			path = DarkModeSwitcherTests;
			sourceTree = "<group>";
		};
		9B4B93AF21A3F32B0016E409 /* DarkModeSwitcherUITests */ = {
			isa = PBXGroup;
			children = (
				9B4B93B021A3F32B0016E409 /* DarkModeSwitcherUITests.swift */,
				9B4B93B221A3F32B0016E409 /* Info.plist */,
			);
			path = DarkModeSwitcherUITests;
			sourceTree = "<group>";
		};
/* End PBXGroup section */

/* Begin PBXNativeTarget section */
		9B336A8C21A7388F00050435 /* SwitcherLauncher */ = {
			isa = PBXNativeTarget;
			buildConfigurationList = 9B336A9A21A7389100050435 /* Build configuration list for PBXNativeTarget "SwitcherLauncher" */;
			buildPhases = (
				9B336A8921A7388F00050435 /* Sources */,
				9B336A8A21A7388F00050435 /* Frameworks */,
				9B336A8B21A7388F00050435 /* Resources */,
			);
			buildRules = (
			);
			dependencies = (
			);
			name = SwitcherLauncher;
			productName = SwitcherLauncher;
			productReference = 9B336A8D21A7388F00050435 /* SwitcherLauncher.app */;
			productType = "com.apple.product-type.application";
		};
		9B4B938E21A3F32A0016E409 /* DarkModeSwitcher */ = {
			isa = PBXNativeTarget;
			buildConfigurationList = 9B4B93B521A3F32B0016E409 /* Build configuration list for PBXNativeTarget "DarkModeSwitcher" */;
			buildPhases = (
				9B4B938B21A3F32A0016E409 /* Sources */,
				9B4B938C21A3F32A0016E409 /* Frameworks */,
				9B4B938D21A3F32A0016E409 /* Resources */,
				9B336A9B21A73DA800050435 /* CopyFiles */,
			);
			buildRules = (
			);
			dependencies = (
			);
			name = DarkModeSwitcher;
			productName = DarkModeSwitcher;
			productReference = 9B4B938F21A3F32A0016E409 /* DarkModeSwitcher.app */;
			productType = "com.apple.product-type.application";
		};
		9B4B93A021A3F32B0016E409 /* DarkModeSwitcherTests */ = {
			isa = PBXNativeTarget;
			buildConfigurationList = 9B4B93B821A3F32B0016E409 /* Build configuration list for PBXNativeTarget "DarkModeSwitcherTests" */;
			buildPhases = (
				9B4B939D21A3F32B0016E409 /* Sources */,
				9B4B939E21A3F32B0016E409 /* Frameworks */,
				9B4B939F21A3F32B0016E409 /* Resources */,
			);
			buildRules = (
			);
			dependencies = (
				9B4B93A321A3F32B0016E409 /* PBXTargetDependency */,
			);
			name = DarkModeSwitcherTests;
			productName = DarkModeSwitcherTests;
			productReference = 9B4B93A121A3F32B0016E409 /* DarkModeSwitcherTests.xctest */;
			productType = "com.apple.product-type.bundle.unit-test";
		};
		9B4B93AB21A3F32B0016E409 /* DarkModeSwitcherUITests */ = {
			isa = PBXNativeTarget;
			buildConfigurationList = 9B4B93BB21A3F32B0016E409 /* Build configuration list for PBXNativeTarget "DarkModeSwitcherUITests" */;
			buildPhases = (
				9B4B93A821A3F32B0016E409 /* Sources */,
				9B4B93A921A3F32B0016E409 /* Frameworks */,
				9B4B93AA21A3F32B0016E409 /* Resources */,
			);
			buildRules = (
			);
			dependencies = (
				9B4B93AE21A3F32B0016E409 /* PBXTargetDependency */,
			);
			name = DarkModeSwitcherUITests;
			productName = DarkModeSwitcherUITests;
			productReference = 9B4B93AC21A3F32B0016E409 /* DarkModeSwitcherUITests.xctest */;
			productType = "com.apple.product-type.bundle.ui-testing";
		};
/* End PBXNativeTarget section */

/* Begin PBXProject section */
		9B4B938721A3F32A0016E409 /* Project object */ = {
			isa = PBXProject;
			attributes = {
				LastSwiftUpdateCheck = 1010;
				LastUpgradeCheck = 1010;
				ORGANIZATIONNAME = "Tyler Liu";
				TargetAttributes = {
					9B336A8C21A7388F00050435 = {
						CreatedOnToolsVersion = 10.1;
						SystemCapabilities = {
							com.apple.Sandbox = {
								enabled = 1;
							};
						};
					};
					9B4B938E21A3F32A0016E409 = {
						CreatedOnToolsVersion = 10.1;
						SystemCapabilities = {
							com.apple.Sandbox = {
								enabled = 1;
							};
						};
					};
					9B4B93A021A3F32B0016E409 = {
						CreatedOnToolsVersion = 10.1;
						TestTargetID = 9B4B938E21A3F32A0016E409;
					};
					9B4B93AB21A3F32B0016E409 = {
						CreatedOnToolsVersion = 10.1;
						TestTargetID = 9B4B938E21A3F32A0016E409;
					};
				};
			};
			buildConfigurationList = 9B4B938A21A3F32A0016E409 /* Build configuration list for PBXProject "DarkModeSwitcher" */;
			compatibilityVersion = "Xcode 9.3";
			developmentRegion = en;
			hasScannedForEncodings = 0;
			knownRegions = (
				en,
				Base,
			);
			mainGroup = 9B4B938621A3F32A0016E409;
			productRefGroup = 9B4B939021A3F32A0016E409 /* Products */;
			projectDirPath = "";
			projectRoot = "";
			targets = (
				9B4B938E21A3F32A0016E409 /* DarkModeSwitcher */,
				9B4B93A021A3F32B0016E409 /* DarkModeSwitcherTests */,
				9B4B93AB21A3F32B0016E409 /* DarkModeSwitcherUITests */,
				9B336A8C21A7388F00050435 /* SwitcherLauncher */,
			);
		};
/* End PBXProject section */

/* Begin PBXResourcesBuildPhase section */
		9B336A8B21A7388F00050435 /* Resources */ = {
			isa = PBXResourcesBuildPhase;
			buildActionMask = 2147483647;
			files = (
				9B336A9221A7389100050435 /* Assets.xcassets in Resources */,
				9B336AE021A747C700050435 /* MainMenu.xib in Resources */,
			);
			runOnlyForDeploymentPostprocessing = 0;
		};
		9B4B938D21A3F32A0016E409 /* Resources */ = {
			isa = PBXResourcesBuildPhase;
			buildActionMask = 2147483647;
			files = (
				9B4B939721A3F32B0016E409 /* Assets.xcassets in Resources */,
				9B4B939A21A3F32B0016E409 /* Main.storyboard in Resources */,
			);
			runOnlyForDeploymentPostprocessing = 0;
		};
		9B4B939F21A3F32B0016E409 /* Resources */ = {
			isa = PBXResourcesBuildPhase;
			buildActionMask = 2147483647;
			files = (
			);
			runOnlyForDeploymentPostprocessing = 0;
		};
		9B4B93AA21A3F32B0016E409 /* Resources */ = {
			isa = PBXResourcesBuildPhase;
			buildActionMask = 2147483647;
			files = (
			);
			runOnlyForDeploymentPostprocessing = 0;
		};
/* End PBXResourcesBuildPhase section */

/* Begin PBXSourcesBuildPhase section */
		9B336A8921A7388F00050435 /* Sources */ = {
			isa = PBXSourcesBuildPhase;
			buildActionMask = 2147483647;
			files = (
				9B336A9021A7388F00050435 /* AppDelegate.swift in Sources */,
			);
			runOnlyForDeploymentPostprocessing = 0;
		};
		9B4B938B21A3F32A0016E409 /* Sources */ = {
			isa = PBXSourcesBuildPhase;
			buildActionMask = 2147483647;
			files = (
				9B179C9221A7AF1100F22263 /* LocationBackground.swift in Sources */,
				9B366F7221A6A03200CCDF94 /* Preference.swift in Sources */,
				9B4B939521A3F32A0016E409 /* ViewController.swift in Sources */,
				9B4B939321A3F32A0016E409 /* AppDelegate.swift in Sources */,
				9B179C9021A79E0B00F22263 /* Solar.swift in Sources */,
				9B4B93BF21A3F3840016E409 /* Switcher.swift in Sources */,
				9B366F7021A646D500CCDF94 /* SchedulerBackground.swift in Sources */,
			);
			runOnlyForDeploymentPostprocessing = 0;
		};
		9B4B939D21A3F32B0016E409 /* Sources */ = {
			isa = PBXSourcesBuildPhase;
			buildActionMask = 2147483647;
			files = (
				9B4B93A621A3F32B0016E409 /* DarkModeSwitcherTests.swift in Sources */,
			);
			runOnlyForDeploymentPostprocessing = 0;
		};
		9B4B93A821A3F32B0016E409 /* Sources */ = {
			isa = PBXSourcesBuildPhase;
			buildActionMask = 2147483647;
			files = (
				9B4B93B121A3F32B0016E409 /* DarkModeSwitcherUITests.swift in Sources */,
			);
			runOnlyForDeploymentPostprocessing = 0;
		};
/* End PBXSourcesBuildPhase section */

/* Begin PBXTargetDependency section */
		9B4B93A321A3F32B0016E409 /* PBXTargetDependency */ = {
			isa = PBXTargetDependency;
			target = 9B4B938E21A3F32A0016E409 /* DarkModeSwitcher */;
			targetProxy = 9B4B93A221A3F32B0016E409 /* PBXContainerItemProxy */;
		};
		9B4B93AE21A3F32B0016E409 /* PBXTargetDependency */ = {
			isa = PBXTargetDependency;
			target = 9B4B938E21A3F32A0016E409 /* DarkModeSwitcher */;
			targetProxy = 9B4B93AD21A3F32B0016E409 /* PBXContainerItemProxy */;
		};
/* End PBXTargetDependency section */

/* Begin PBXVariantGroup section */
		9B336AD821A7479100050435 /* MainMenu.xib */ = {
			isa = PBXVariantGroup;
			children = (
				9B336AD921A7479100050435 /* Base */,
			);
			name = MainMenu.xib;
			sourceTree = "<group>";
		};
		9B4B939821A3F32B0016E409 /* Main.storyboard */ = {
			isa = PBXVariantGroup;
			children = (
				9B4B939921A3F32B0016E409 /* Base */,
			);
			name = Main.storyboard;
			sourceTree = "<group>";
		};
/* End PBXVariantGroup section */

/* Begin XCBuildConfiguration section */
		9B336A9821A7389100050435 /* Debug */ = {
			isa = XCBuildConfiguration;
			buildSettings = {
				ASSETCATALOG_COMPILER_APPICON_NAME = AppIcon;
				CODE_SIGN_ENTITLEMENTS = SwitcherLauncher/SwitcherLauncher.entitlements;
				CODE_SIGN_STYLE = Automatic;
				COMBINE_HIDPI_IMAGES = YES;
				INFOPLIST_FILE = SwitcherLauncher/Info.plist;
				LD_RUNPATH_SEARCH_PATHS = (
					"$(inherited)",
					"@executable_path/../Frameworks",
				);
				PRODUCT_BUNDLE_IDENTIFIER = "Tyler-Liu.SwitcherLauncher";
				PRODUCT_NAME = "$(TARGET_NAME)";
				SKIP_INSTALL = YES;
				SWIFT_VERSION = 4.2;
			};
			name = Debug;
		};
		9B336A9921A7389100050435 /* Release */ = {
			isa = XCBuildConfiguration;
			buildSettings = {
				ASSETCATALOG_COMPILER_APPICON_NAME = AppIcon;
				CODE_SIGN_ENTITLEMENTS = SwitcherLauncher/SwitcherLauncher.entitlements;
				CODE_SIGN_STYLE = Automatic;
				COMBINE_HIDPI_IMAGES = YES;
				INFOPLIST_FILE = SwitcherLauncher/Info.plist;
				LD_RUNPATH_SEARCH_PATHS = (
					"$(inherited)",
					"@executable_path/../Frameworks",
				);
				PRODUCT_BUNDLE_IDENTIFIER = "Tyler-Liu.SwitcherLauncher";
				PRODUCT_NAME = "$(TARGET_NAME)";
				SKIP_INSTALL = YES;
				SWIFT_VERSION = 4.2;
			};
			name = Release;
		};
		9B4B93B321A3F32B0016E409 /* Debug */ = {
			isa = XCBuildConfiguration;
			buildSettings = {
				ALWAYS_SEARCH_USER_PATHS = NO;
				CLANG_ANALYZER_NONNULL = YES;
				CLANG_ANALYZER_NUMBER_OBJECT_CONVERSION = YES_AGGRESSIVE;
				CLANG_CXX_LANGUAGE_STANDARD = "gnu++14";
				CLANG_CXX_LIBRARY = "libc++";
				CLANG_ENABLE_MODULES = YES;
				CLANG_ENABLE_OBJC_ARC = YES;
				CLANG_ENABLE_OBJC_WEAK = YES;
				CLANG_WARN_BLOCK_CAPTURE_AUTORELEASING = YES;
				CLANG_WARN_BOOL_CONVERSION = YES;
				CLANG_WARN_COMMA = YES;
				CLANG_WARN_CONSTANT_CONVERSION = YES;
				CLANG_WARN_DEPRECATED_OBJC_IMPLEMENTATIONS = YES;
				CLANG_WARN_DIRECT_OBJC_ISA_USAGE = YES_ERROR;
				CLANG_WARN_DOCUMENTATION_COMMENTS = YES;
				CLANG_WARN_EMPTY_BODY = YES;
				CLANG_WARN_ENUM_CONVERSION = YES;
				CLANG_WARN_INFINITE_RECURSION = YES;
				CLANG_WARN_INT_CONVERSION = YES;
				CLANG_WARN_NON_LITERAL_NULL_CONVERSION = YES;
				CLANG_WARN_OBJC_IMPLICIT_RETAIN_SELF = YES;
				CLANG_WARN_OBJC_LITERAL_CONVERSION = YES;
				CLANG_WARN_OBJC_ROOT_CLASS = YES_ERROR;
				CLANG_WARN_RANGE_LOOP_ANALYSIS = YES;
				CLANG_WARN_STRICT_PROTOTYPES = YES;
				CLANG_WARN_SUSPICIOUS_MOVE = YES;
				CLANG_WARN_UNGUARDED_AVAILABILITY = YES_AGGRESSIVE;
				CLANG_WARN_UNREACHABLE_CODE = YES;
				CLANG_WARN__DUPLICATE_METHOD_MATCH = YES;
				CODE_SIGN_IDENTITY = "-";
				COPY_PHASE_STRIP = NO;
				DEBUG_INFORMATION_FORMAT = dwarf;
				ENABLE_STRICT_OBJC_MSGSEND = YES;
				ENABLE_TESTABILITY = YES;
				GCC_C_LANGUAGE_STANDARD = gnu11;
				GCC_DYNAMIC_NO_PIC = NO;
				GCC_NO_COMMON_BLOCKS = YES;
				GCC_OPTIMIZATION_LEVEL = 0;
				GCC_PREPROCESSOR_DEFINITIONS = (
					"DEBUG=1",
					"$(inherited)",
				);
				GCC_WARN_64_TO_32_BIT_CONVERSION = YES;
				GCC_WARN_ABOUT_RETURN_TYPE = YES_ERROR;
				GCC_WARN_UNDECLARED_SELECTOR = YES;
				GCC_WARN_UNINITIALIZED_AUTOS = YES_AGGRESSIVE;
				GCC_WARN_UNUSED_FUNCTION = YES;
				GCC_WARN_UNUSED_VARIABLE = YES;
				MACOSX_DEPLOYMENT_TARGET = 10.14;
				MTL_ENABLE_DEBUG_INFO = INCLUDE_SOURCE;
				MTL_FAST_MATH = YES;
				ONLY_ACTIVE_ARCH = YES;
				SDKROOT = macosx;
				SWIFT_ACTIVE_COMPILATION_CONDITIONS = DEBUG;
				SWIFT_OPTIMIZATION_LEVEL = "-Onone";
			};
			name = Debug;
		};
		9B4B93B421A3F32B0016E409 /* Release */ = {
			isa = XCBuildConfiguration;
			buildSettings = {
				ALWAYS_SEARCH_USER_PATHS = NO;
				CLANG_ANALYZER_NONNULL = YES;
				CLANG_ANALYZER_NUMBER_OBJECT_CONVERSION = YES_AGGRESSIVE;
				CLANG_CXX_LANGUAGE_STANDARD = "gnu++14";
				CLANG_CXX_LIBRARY = "libc++";
				CLANG_ENABLE_MODULES = YES;
				CLANG_ENABLE_OBJC_ARC = YES;
				CLANG_ENABLE_OBJC_WEAK = YES;
				CLANG_WARN_BLOCK_CAPTURE_AUTORELEASING = YES;
				CLANG_WARN_BOOL_CONVERSION = YES;
				CLANG_WARN_COMMA = YES;
				CLANG_WARN_CONSTANT_CONVERSION = YES;
				CLANG_WARN_DEPRECATED_OBJC_IMPLEMENTATIONS = YES;
				CLANG_WARN_DIRECT_OBJC_ISA_USAGE = YES_ERROR;
				CLANG_WARN_DOCUMENTATION_COMMENTS = YES;
				CLANG_WARN_EMPTY_BODY = YES;
				CLANG_WARN_ENUM_CONVERSION = YES;
				CLANG_WARN_INFINITE_RECURSION = YES;
				CLANG_WARN_INT_CONVERSION = YES;
				CLANG_WARN_NON_LITERAL_NULL_CONVERSION = YES;
				CLANG_WARN_OBJC_IMPLICIT_RETAIN_SELF = YES;
				CLANG_WARN_OBJC_LITERAL_CONVERSION = YES;
				CLANG_WARN_OBJC_ROOT_CLASS = YES_ERROR;
				CLANG_WARN_RANGE_LOOP_ANALYSIS = YES;
				CLANG_WARN_STRICT_PROTOTYPES = YES;
				CLANG_WARN_SUSPICIOUS_MOVE = YES;
				CLANG_WARN_UNGUARDED_AVAILABILITY = YES_AGGRESSIVE;
				CLANG_WARN_UNREACHABLE_CODE = YES;
				CLANG_WARN__DUPLICATE_METHOD_MATCH = YES;
				CODE_SIGN_IDENTITY = "-";
				COPY_PHASE_STRIP = NO;
				DEBUG_INFORMATION_FORMAT = "dwarf-with-dsym";
				ENABLE_NS_ASSERTIONS = NO;
				ENABLE_STRICT_OBJC_MSGSEND = YES;
				GCC_C_LANGUAGE_STANDARD = gnu11;
				GCC_NO_COMMON_BLOCKS = YES;
				GCC_WARN_64_TO_32_BIT_CONVERSION = YES;
				GCC_WARN_ABOUT_RETURN_TYPE = YES_ERROR;
				GCC_WARN_UNDECLARED_SELECTOR = YES;
				GCC_WARN_UNINITIALIZED_AUTOS = YES_AGGRESSIVE;
				GCC_WARN_UNUSED_FUNCTION = YES;
				GCC_WARN_UNUSED_VARIABLE = YES;
				MACOSX_DEPLOYMENT_TARGET = 10.14;
				MTL_ENABLE_DEBUG_INFO = NO;
				MTL_FAST_MATH = YES;
				SDKROOT = macosx;
				SWIFT_COMPILATION_MODE = wholemodule;
				SWIFT_OPTIMIZATION_LEVEL = "-O";
			};
			name = Release;
		};
		9B4B93B621A3F32B0016E409 /* Debug */ = {
			isa = XCBuildConfiguration;
			buildSettings = {
				ASSETCATALOG_COMPILER_APPICON_NAME = AppIcon;
				CODE_SIGN_ENTITLEMENTS = DarkModeSwitcher/DarkModeSwitcher.entitlements;
				CODE_SIGN_STYLE = Automatic;
				COMBINE_HIDPI_IMAGES = YES;
				INFOPLIST_FILE = DarkModeSwitcher/Info.plist;
				LD_RUNPATH_SEARCH_PATHS = (
					"$(inherited)",
					"@executable_path/../Frameworks",
				);
				MACOSX_DEPLOYMENT_TARGET = 10.14;
				PRODUCT_BUNDLE_IDENTIFIER = "Tyler-Liu.DarkModeSwitcher";
				PRODUCT_NAME = "$(TARGET_NAME)";
				SKIP_INSTALL = YES;
				SWIFT_VERSION = 4.2;
			};
			name = Debug;
		};
		9B4B93B721A3F32B0016E409 /* Release */ = {
			isa = XCBuildConfiguration;
			buildSettings = {
				ASSETCATALOG_COMPILER_APPICON_NAME = AppIcon;
				CODE_SIGN_ENTITLEMENTS = DarkModeSwitcher/DarkModeSwitcher.entitlements;
				CODE_SIGN_STYLE = Automatic;
				COMBINE_HIDPI_IMAGES = YES;
				INFOPLIST_FILE = DarkModeSwitcher/Info.plist;
				LD_RUNPATH_SEARCH_PATHS = (
					"$(inherited)",
					"@executable_path/../Frameworks",
				);
				MACOSX_DEPLOYMENT_TARGET = 10.14;
				PRODUCT_BUNDLE_IDENTIFIER = "Tyler-Liu.DarkModeSwitcher";
				PRODUCT_NAME = "$(TARGET_NAME)";
				SKIP_INSTALL = YES;
				SWIFT_VERSION = 4.2;
			};
			name = Release;
		};
		9B4B93B921A3F32B0016E409 /* Debug */ = {
			isa = XCBuildConfiguration;
			buildSettings = {
				ALWAYS_EMBED_SWIFT_STANDARD_LIBRARIES = YES;
				BUNDLE_LOADER = "$(TEST_HOST)";
				CODE_SIGN_STYLE = Automatic;
				COMBINE_HIDPI_IMAGES = YES;
				INFOPLIST_FILE = DarkModeSwitcherTests/Info.plist;
				LD_RUNPATH_SEARCH_PATHS = (
					"$(inherited)",
					"@executable_path/../Frameworks",
					"@loader_path/../Frameworks",
				);
				PRODUCT_BUNDLE_IDENTIFIER = "Tyler-Liu.DarkModeSwitcherTests";
				PRODUCT_NAME = "$(TARGET_NAME)";
				SWIFT_VERSION = 4.2;
				TEST_HOST = "$(BUILT_PRODUCTS_DIR)/DarkModeSwitcher.app/Contents/MacOS/DarkModeSwitcher";
			};
			name = Debug;
		};
		9B4B93BA21A3F32B0016E409 /* Release */ = {
			isa = XCBuildConfiguration;
			buildSettings = {
				ALWAYS_EMBED_SWIFT_STANDARD_LIBRARIES = YES;
				BUNDLE_LOADER = "$(TEST_HOST)";
				CODE_SIGN_STYLE = Automatic;
				COMBINE_HIDPI_IMAGES = YES;
				INFOPLIST_FILE = DarkModeSwitcherTests/Info.plist;
				LD_RUNPATH_SEARCH_PATHS = (
					"$(inherited)",
					"@executable_path/../Frameworks",
					"@loader_path/../Frameworks",
				);
				PRODUCT_BUNDLE_IDENTIFIER = "Tyler-Liu.DarkModeSwitcherTests";
				PRODUCT_NAME = "$(TARGET_NAME)";
				SWIFT_VERSION = 4.2;
				TEST_HOST = "$(BUILT_PRODUCTS_DIR)/DarkModeSwitcher.app/Contents/MacOS/DarkModeSwitcher";
			};
			name = Release;
		};
		9B4B93BC21A3F32B0016E409 /* Debug */ = {
			isa = XCBuildConfiguration;
			buildSettings = {
				ALWAYS_EMBED_SWIFT_STANDARD_LIBRARIES = YES;
				CODE_SIGN_STYLE = Automatic;
				COMBINE_HIDPI_IMAGES = YES;
				INFOPLIST_FILE = DarkModeSwitcherUITests/Info.plist;
				LD_RUNPATH_SEARCH_PATHS = (
					"$(inherited)",
					"@executable_path/../Frameworks",
					"@loader_path/../Frameworks",
				);
				PRODUCT_BUNDLE_IDENTIFIER = "Tyler-Liu.DarkModeSwitcherUITests";
				PRODUCT_NAME = "$(TARGET_NAME)";
				SWIFT_VERSION = 4.2;
				TEST_TARGET_NAME = DarkModeSwitcher;
			};
			name = Debug;
		};
		9B4B93BD21A3F32B0016E409 /* Release */ = {
			isa = XCBuildConfiguration;
			buildSettings = {
				ALWAYS_EMBED_SWIFT_STANDARD_LIBRARIES = YES;
				CODE_SIGN_STYLE = Automatic;
				COMBINE_HIDPI_IMAGES = YES;
				INFOPLIST_FILE = DarkModeSwitcherUITests/Info.plist;
				LD_RUNPATH_SEARCH_PATHS = (
					"$(inherited)",
					"@executable_path/../Frameworks",
					"@loader_path/../Frameworks",
				);
				PRODUCT_BUNDLE_IDENTIFIER = "Tyler-Liu.DarkModeSwitcherUITests";
				PRODUCT_NAME = "$(TARGET_NAME)";
				SWIFT_VERSION = 4.2;
				TEST_TARGET_NAME = DarkModeSwitcher;
			};
			name = Release;
		};
/* End XCBuildConfiguration section */

/* Begin XCConfigurationList section */
		9B336A9A21A7389100050435 /* Build configuration list for PBXNativeTarget "SwitcherLauncher" */ = {
			isa = XCConfigurationList;
			buildConfigurations = (
				9B336A9821A7389100050435 /* Debug */,
				9B336A9921A7389100050435 /* Release */,
			);
			defaultConfigurationIsVisible = 0;
			defaultConfigurationName = Release;
		};
		9B4B938A21A3F32A0016E409 /* Build configuration list for PBXProject "DarkModeSwitcher" */ = {
			isa = XCConfigurationList;
			buildConfigurations = (
				9B4B93B321A3F32B0016E409 /* Debug */,
				9B4B93B421A3F32B0016E409 /* Release */,
			);
			defaultConfigurationIsVisible = 0;
			defaultConfigurationName = Release;
		};
		9B4B93B521A3F32B0016E409 /* Build configuration list for PBXNativeTarget "DarkModeSwitcher" */ = {
			isa = XCConfigurationList;
			buildConfigurations = (
				9B4B93B621A3F32B0016E409 /* Debug */,
				9B4B93B721A3F32B0016E409 /* Release */,
			);
			defaultConfigurationIsVisible = 0;
			defaultConfigurationName = Release;
		};
		9B4B93B821A3F32B0016E409 /* Build configuration list for PBXNativeTarget "DarkModeSwitcherTests" */ = {
			isa = XCConfigurationList;
			buildConfigurations = (
				9B4B93B921A3F32B0016E409 /* Debug */,
				9B4B93BA21A3F32B0016E409 /* Release */,
			);
			defaultConfigurationIsVisible = 0;
			defaultConfigurationName = Release;
		};
		9B4B93BB21A3F32B0016E409 /* Build configuration list for PBXNativeTarget "DarkModeSwitcherUITests" */ = {
			isa = XCConfigurationList;
			buildConfigurations = (
				9B4B93BC21A3F32B0016E409 /* Debug */,
				9B4B93BD21A3F32B0016E409 /* Release */,
			);
			defaultConfigurationIsVisible = 0;
			defaultConfigurationName = Release;
		};
/* End XCConfigurationList section */
	};
	rootObject = 9B4B938721A3F32A0016E409 /* Project object */;
}
